
Microsoft Visual Studio Solution File, Format Version 12.00
# Visual Studio 15
VisualStudioVersion = 15.0.28307.572
MinimumVisualStudioVersion = 10.0.40219.1
Project("{2150E333-8FDC-42A3-9474-1A3956D46DE8}") = "Microservices", "Microservices", "{92F16B2E-5BA1-41E9-BB73-9760E9F8C757}"
EndProject
Project("{2150E333-8FDC-42A3-9474-1A3956D46DE8}") = "Domain", "Domain", "{6C47B333-FD01-4C07-909A-6D2419B0BFAF}"
EndProject
Project("{2150E333-8FDC-42A3-9474-1A3956D46DE8}") = "Infrastructure.Bus", "Infrastructure.Bus", "{7655C666-E02B-452E-90F0-ED3709D491A7}"
EndProject
Project("{2150E333-8FDC-42A3-9474-1A3956D46DE8}") = "Infrastructure.IoC", "Infrastructure.IoC", "{41B273F6-B12D-46E1-ACE7-E174D480FA12}"
EndProject
Project("{2150E333-8FDC-42A3-9474-1A3956D46DE8}") = "Presentation", "Presentation", "{DE5A2D24-3A9F-4CD8-8871-8E0DC84A31D7}"
EndProject
Project("{9A19103F-16F7-4668-BE54-9A1E7A4F7556}") = "MicroRabbit.Domain.Core", "MicroRabbit.Domain.Core\MicroRabbit.Domain.Core.csproj", "{61B11F34-B8A0-4A42-9E6D-04E2064652DF}"
EndProject
Project("{9A19103F-16F7-4668-BE54-9A1E7A4F7556}") = "MicroRabbit.Infrastructure.Bus", "MicroRabbit.Infrastructure.Bus\MicroRabbit.Infrastructure.Bus.csproj", "{79F942B0-FE2B-4E54-B923-AB17BED12E68}"
EndProject
Project("{FAE04EC0-301F-11D3-BF4B-00C04F79EFBC}") = "Microrabbit.Infrastructure.IoC", "Microrabbit.Infrastructure.IoC\Microrabbit.Infrastructure.IoC.csproj", "{66F49865-7391-412E-87C4-E08896B1E34A}"
EndProject
Project("{2150E333-8FDC-42A3-9474-1A3956D46DE8}") = "Banking", "Banking", "{B9BB1704-0824-40E8-86F0-3FF281350EDE}"
EndProject
Project("{2150E333-8FDC-42A3-9474-1A3956D46DE8}") = "Api", "Api", "{E12F04C0-5050-4877-85AB-81BCC0111978}"
EndProject
Project("{2150E333-8FDC-42A3-9474-1A3956D46DE8}") = "Domain", "Domain", "{6F63A14B-D527-48F4-9618-6086A3D535B8}"
EndProject
Project("{2150E333-8FDC-42A3-9474-1A3956D46DE8}") = "Application", "Application", "{9B454AB0-FA31-4FC6-9FA6-35B28AC7BF67}"
EndProject
Project("{2150E333-8FDC-42A3-9474-1A3956D46DE8}") = "Data", "Data", "{A898E5E9-DC39-4F07-9274-CA39B71DE11E}"
EndProject
Project("{FAE04EC0-301F-11D3-BF4B-00C04F79EFBC}") = "MicroRabbit.Banking.Api", "MicroRabbit.Banking.Api\MicroRabbit.Banking.Api.csproj", "{8AEC757B-5750-420E-B7A4-39967137B930}"
EndProject
Project("{FAE04EC0-301F-11D3-BF4B-00C04F79EFBC}") = "MicroRabbit.Banking.Application", "MicroRabbit.Banking.Application\MicroRabbit.Banking.Application.csproj", "{372447FE-1890-41D7-9301-EFEE0583226D}"
EndProject
Project("{FAE04EC0-301F-11D3-BF4B-00C04F79EFBC}") = "MicroRabbit.Banking.Data", "MicroRabbit.Banking.Data\MicroRabbit.Banking.Data.csproj", "{49E73DB2-1460-4D26-A5D4-180E881B35AC}"
EndProject
Project("{FAE04EC0-301F-11D3-BF4B-00C04F79EFBC}") = "MicroRabbit.Banking.Domain", "MicroRabbit.Banking.Domain\MicroRabbit.Banking.Domain.csproj", "{885706D0-1963-40E4-9196-8C0C7444C306}"
EndProject
Project("{2150E333-8FDC-42A3-9474-1A3956D46DE8}") = "Transfer", "Transfer", "{8E41B9B3-5D53-4AE7-96A8-34A1F7FA0D4E}"
EndProject
Project("{2150E333-8FDC-42A3-9474-1A3956D46DE8}") = "Api", "Api", "{EDBE3602-0ACA-4464-96B0-F3C2F857921C}"
EndProject
Project("{2150E333-8FDC-42A3-9474-1A3956D46DE8}") = "Application", "Application", "{23FE5923-9664-45F4-96C7-726A59119BAF}"
EndProject
Project("{2150E333-8FDC-42A3-9474-1A3956D46DE8}") = "Domain", "Domain", "{AF6427DE-1BFE-4D9E-96BB-C87E9EE5AF64}"
EndProject
Project("{2150E333-8FDC-42A3-9474-1A3956D46DE8}") = "Data", "Data", "{24F57330-A21A-42CE-87CC-0B3933E68AE7}"
EndProject
Project("{FAE04EC0-301F-11D3-BF4B-00C04F79EFBC}") = "MicroRabbit.Transfer.Api", "MicroRabbit.Transfer.Api\MicroRabbit.Transfer.Api.csproj", "{AF244769-531F-4502-ABFC-0E628EB9EBE8}"
EndProject
Project("{FAE04EC0-301F-11D3-BF4B-00C04F79EFBC}") = "MicroRabbit.Transfer.Application", "MicroRabbit.Transfer.Application\MicroRabbit.Transfer.Application.csproj", "{E2C8BEED-8658-4233-A147-02364365AD7C}"
EndProject
Project("{FAE04EC0-301F-11D3-BF4B-00C04F79EFBC}") = "MicroRabit.Transfer.Domain", "MicroRabit.Transfer.Domain\MicroRabit.Transfer.Domain.csproj", "{3204AF2F-8709-4E2C-9356-9270B7A4B108}"
EndProject
Project("{FAE04EC0-301F-11D3-BF4B-00C04F79EFBC}") = "MicroRabit.Transfer.Data", "MicroRabit.Transfer.Data\MicroRabit.Transfer.Data.csproj", "{1B90795B-55B2-46D0-B366-B472019E15A7}"
EndProject
Global
	GlobalSection(SolutionConfigurationPlatforms) = preSolution
		Debug|Any CPU = Debug|Any CPU
		Release|Any CPU = Release|Any CPU
	EndGlobalSection
	GlobalSection(ProjectConfigurationPlatforms) = postSolution
		{61B11F34-B8A0-4A42-9E6D-04E2064652DF}.Debug|Any CPU.ActiveCfg = Debug|Any CPU
		{61B11F34-B8A0-4A42-9E6D-04E2064652DF}.Debug|Any CPU.Build.0 = Debug|Any CPU
		{61B11F34-B8A0-4A42-9E6D-04E2064652DF}.Release|Any CPU.ActiveCfg = Release|Any CPU
		{61B11F34-B8A0-4A42-9E6D-04E2064652DF}.Release|Any CPU.Build.0 = Release|Any CPU
		{79F942B0-FE2B-4E54-B923-AB17BED12E68}.Debug|Any CPU.ActiveCfg = Debug|Any CPU
		{79F942B0-FE2B-4E54-B923-AB17BED12E68}.Debug|Any CPU.Build.0 = Debug|Any CPU
		{79F942B0-FE2B-4E54-B923-AB17BED12E68}.Release|Any CPU.ActiveCfg = Release|Any CPU
		{79F942B0-FE2B-4E54-B923-AB17BED12E68}.Release|Any CPU.Build.0 = Release|Any CPU
		{66F49865-7391-412E-87C4-E08896B1E34A}.Debug|Any CPU.ActiveCfg = Debug|Any CPU
		{66F49865-7391-412E-87C4-E08896B1E34A}.Debug|Any CPU.Build.0 = Debug|Any CPU
		{66F49865-7391-412E-87C4-E08896B1E34A}.Release|Any CPU.ActiveCfg = Release|Any CPU
		{66F49865-7391-412E-87C4-E08896B1E34A}.Release|Any CPU.Build.0 = Release|Any CPU
		{8AEC757B-5750-420E-B7A4-39967137B930}.Debug|Any CPU.ActiveCfg = Debug|Any CPU
		{8AEC757B-5750-420E-B7A4-39967137B930}.Debug|Any CPU.Build.0 = Debug|Any CPU
		{8AEC757B-5750-420E-B7A4-39967137B930}.Release|Any CPU.ActiveCfg = Release|Any CPU
		{8AEC757B-5750-420E-B7A4-39967137B930}.Release|Any CPU.Build.0 = Release|Any CPU
		{372447FE-1890-41D7-9301-EFEE0583226D}.Debug|Any CPU.ActiveCfg = Debug|Any CPU
		{372447FE-1890-41D7-9301-EFEE0583226D}.Debug|Any CPU.Build.0 = Debug|Any CPU
		{372447FE-1890-41D7-9301-EFEE0583226D}.Release|Any CPU.ActiveCfg = Release|Any CPU
		{372447FE-1890-41D7-9301-EFEE0583226D}.Release|Any CPU.Build.0 = Release|Any CPU
		{49E73DB2-1460-4D26-A5D4-180E881B35AC}.Debug|Any CPU.ActiveCfg = Debug|Any CPU
		{49E73DB2-1460-4D26-A5D4-180E881B35AC}.Debug|Any CPU.Build.0 = Debug|Any CPU
		{49E73DB2-1460-4D26-A5D4-180E881B35AC}.Release|Any CPU.ActiveCfg = Release|Any CPU
		{49E73DB2-1460-4D26-A5D4-180E881B35AC}.Release|Any CPU.Build.0 = Release|Any CPU
		{885706D0-1963-40E4-9196-8C0C7444C306}.Debug|Any CPU.ActiveCfg = Debug|Any CPU
		{885706D0-1963-40E4-9196-8C0C7444C306}.Debug|Any CPU.Build.0 = Debug|Any CPU
		{885706D0-1963-40E4-9196-8C0C7444C306}.Release|Any CPU.ActiveCfg = Release|Any CPU
		{885706D0-1963-40E4-9196-8C0C7444C306}.Release|Any CPU.Build.0 = Release|Any CPU
		{AF244769-531F-4502-ABFC-0E628EB9EBE8}.Debug|Any CPU.ActiveCfg = Debug|Any CPU
		{AF244769-531F-4502-ABFC-0E628EB9EBE8}.Debug|Any CPU.Build.0 = Debug|Any CPU
		{AF244769-531F-4502-ABFC-0E628EB9EBE8}.Release|Any CPU.ActiveCfg = Release|Any CPU
		{AF244769-531F-4502-ABFC-0E628EB9EBE8}.Release|Any CPU.Build.0 = Release|Any CPU
		{E2C8BEED-8658-4233-A147-02364365AD7C}.Debug|Any CPU.ActiveCfg = Debug|Any CPU
		{E2C8BEED-8658-4233-A147-02364365AD7C}.Debug|Any CPU.Build.0 = Debug|Any CPU
		{E2C8BEED-8658-4233-A147-02364365AD7C}.Release|Any CPU.ActiveCfg = Release|Any CPU
		{E2C8BEED-8658-4233-A147-02364365AD7C}.Release|Any CPU.Build.0 = Release|Any CPU
		{3204AF2F-8709-4E2C-9356-9270B7A4B108}.Debug|Any CPU.ActiveCfg = Debug|Any CPU
		{3204AF2F-8709-4E2C-9356-9270B7A4B108}.Debug|Any CPU.Build.0 = Debug|Any CPU
		{3204AF2F-8709-4E2C-9356-9270B7A4B108}.Release|Any CPU.ActiveCfg = Release|Any CPU
		{3204AF2F-8709-4E2C-9356-9270B7A4B108}.Release|Any CPU.Build.0 = Release|Any CPU
		{1B90795B-55B2-46D0-B366-B472019E15A7}.Debug|Any CPU.ActiveCfg = Debug|Any CPU
		{1B90795B-55B2-46D0-B366-B472019E15A7}.Debug|Any CPU.Build.0 = Debug|Any CPU
		{1B90795B-55B2-46D0-B366-B472019E15A7}.Release|Any CPU.ActiveCfg = Release|Any CPU
		{1B90795B-55B2-46D0-B366-B472019E15A7}.Release|Any CPU.Build.0 = Release|Any CPU
	EndGlobalSection
	GlobalSection(SolutionProperties) = preSolution
		HideSolutionNode = FALSE
	EndGlobalSection
	GlobalSection(NestedProjects) = preSolution
		{61B11F34-B8A0-4A42-9E6D-04E2064652DF} = {6C47B333-FD01-4C07-909A-6D2419B0BFAF}
		{79F942B0-FE2B-4E54-B923-AB17BED12E68} = {7655C666-E02B-452E-90F0-ED3709D491A7}
		{66F49865-7391-412E-87C4-E08896B1E34A} = {41B273F6-B12D-46E1-ACE7-E174D480FA12}
		{B9BB1704-0824-40E8-86F0-3FF281350EDE} = {92F16B2E-5BA1-41E9-BB73-9760E9F8C757}
		{E12F04C0-5050-4877-85AB-81BCC0111978} = {B9BB1704-0824-40E8-86F0-3FF281350EDE}
		{6F63A14B-D527-48F4-9618-6086A3D535B8} = {B9BB1704-0824-40E8-86F0-3FF281350EDE}
		{9B454AB0-FA31-4FC6-9FA6-35B28AC7BF67} = {B9BB1704-0824-40E8-86F0-3FF281350EDE}
		{A898E5E9-DC39-4F07-9274-CA39B71DE11E} = {B9BB1704-0824-40E8-86F0-3FF281350EDE}
		{8AEC757B-5750-420E-B7A4-39967137B930} = {E12F04C0-5050-4877-85AB-81BCC0111978}
		{372447FE-1890-41D7-9301-EFEE0583226D} = {9B454AB0-FA31-4FC6-9FA6-35B28AC7BF67}
		{49E73DB2-1460-4D26-A5D4-180E881B35AC} = {A898E5E9-DC39-4F07-9274-CA39B71DE11E}
		{885706D0-1963-40E4-9196-8C0C7444C306} = {6F63A14B-D527-48F4-9618-6086A3D535B8}
		{8E41B9B3-5D53-4AE7-96A8-34A1F7FA0D4E} = {92F16B2E-5BA1-41E9-BB73-9760E9F8C757}
		{EDBE3602-0ACA-4464-96B0-F3C2F857921C} = {8E41B9B3-5D53-4AE7-96A8-34A1F7FA0D4E}
		{23FE5923-9664-45F4-96C7-726A59119BAF} = {8E41B9B3-5D53-4AE7-96A8-34A1F7FA0D4E}
		{AF6427DE-1BFE-4D9E-96BB-C87E9EE5AF64} = {8E41B9B3-5D53-4AE7-96A8-34A1F7FA0D4E}
		{24F57330-A21A-42CE-87CC-0B3933E68AE7} = {8E41B9B3-5D53-4AE7-96A8-34A1F7FA0D4E}
		{AF244769-531F-4502-ABFC-0E628EB9EBE8} = {EDBE3602-0ACA-4464-96B0-F3C2F857921C}
		{E2C8BEED-8658-4233-A147-02364365AD7C} = {23FE5923-9664-45F4-96C7-726A59119BAF}
		{3204AF2F-8709-4E2C-9356-9270B7A4B108} = {AF6427DE-1BFE-4D9E-96BB-C87E9EE5AF64}
		{1B90795B-55B2-46D0-B366-B472019E15A7} = {24F57330-A21A-42CE-87CC-0B3933E68AE7}
	EndGlobalSection
	GlobalSection(ExtensibilityGlobals) = postSolution
		SolutionGuid = {6E18B27E-2B9F-4734-872A-6D7406D4F647}
	EndGlobalSection
EndGlobal
